
Microsoft Visual Studio Solution File, Format Version 12.00
# Visual Studio Version 17
VisualStudioVersion = 17.13.35806.99
MinimumVisualStudioVersion = 10.0.40219.1
Project("{FAE04EC0-301F-11D3-BF4B-00C04F79EFBC}") = "WinUI", "WinUI\WinUI.csproj", "{63160D32-086D-4F21-9649-1BC9B4851F48}"
EndProject
Project("{FAE04EC0-301F-11D3-BF4B-00C04F79EFBC}") = "Domain", "Domain\Domain.csproj", "{9EEB890B-683A-4165-88D7-D299D11BDD09}"
EndProject
Project("{FAE04EC0-301F-11D3-BF4B-00C04F79EFBC}") = "Infrastructure", "Infrastructure\Infrastructure.csproj", "{0F44C69E-B144-4476-B433-8DF3E7777394}"
EndProject
Project("{FAE04EC0-301F-11D3-BF4B-00C04F79EFBC}") = "Application", "Application\Application.csproj", "{F8AD0F70-9F5B-4BAB-86B5-79320093E7AA}"
EndProject
Project("{FAE04EC0-301F-11D3-BF4B-00C04F79EFBC}") = "ISKI.Core", "ISKI.Core\ISKI.Core.csproj", "{67E679E5-F67F-251E-7031-6F59B17FF33C}"
EndProject
Project("{FAE04EC0-301F-11D3-BF4B-00C04F79EFBC}") = "Api", "Api\Api.csproj", "{0627291A-3608-4A8B-8A5A-6E12F05A7306}"
EndProject
Global
	GlobalSection(SolutionConfigurationPlatforms) = preSolution
		Debug|Any CPU = Debug|Any CPU
		Release|Any CPU = Release|Any CPU
	EndGlobalSection
	GlobalSection(ProjectConfigurationPlatforms) = postSolution
		{63160D32-086D-4F21-9649-1BC9B4851F48}.Debug|Any CPU.ActiveCfg = Debug|Any CPU
		{63160D32-086D-4F21-9649-1BC9B4851F48}.Debug|Any CPU.Build.0 = Debug|Any CPU
		{63160D32-086D-4F21-9649-1BC9B4851F48}.Release|Any CPU.ActiveCfg = Release|Any CPU
		{63160D32-086D-4F21-9649-1BC9B4851F48}.Release|Any CPU.Build.0 = Release|Any CPU
		{9EEB890B-683A-4165-88D7-D299D11BDD09}.Debug|Any CPU.ActiveCfg = Debug|Any CPU
		{9EEB890B-683A-4165-88D7-D299D11BDD09}.Debug|Any CPU.Build.0 = Debug|Any CPU
		{9EEB890B-683A-4165-88D7-D299D11BDD09}.Release|Any CPU.ActiveCfg = Release|Any CPU
		{9EEB890B-683A-4165-88D7-D299D11BDD09}.Release|Any CPU.Build.0 = Release|Any CPU
		{0F44C69E-B144-4476-B433-8DF3E7777394}.Debug|Any CPU.ActiveCfg = Debug|Any CPU
		{0F44C69E-B144-4476-B433-8DF3E7777394}.Debug|Any CPU.Build.0 = Debug|Any CPU
		{0F44C69E-B144-4476-B433-8DF3E7777394}.Release|Any CPU.ActiveCfg = Release|Any CPU
		{0F44C69E-B144-4476-B433-8DF3E7777394}.Release|Any CPU.Build.0 = Release|Any CPU
		{F8AD0F70-9F5B-4BAB-86B5-79320093E7AA}.Debug|Any CPU.ActiveCfg = Debug|Any CPU
		{F8AD0F70-9F5B-4BAB-86B5-79320093E7AA}.Debug|Any CPU.Build.0 = Debug|Any CPU
		{F8AD0F70-9F5B-4BAB-86B5-79320093E7AA}.Release|Any CPU.ActiveCfg = Release|Any CPU
		{F8AD0F70-9F5B-4BAB-86B5-79320093E7AA}.Release|Any CPU.Build.0 = Release|Any CPU
		{67E679E5-F67F-251E-7031-6F59B17FF33C}.Debug|Any CPU.ActiveCfg = Debug|Any CPU
		{67E679E5-F67F-251E-7031-6F59B17FF33C}.Debug|Any CPU.Build.0 = Debug|Any CPU
		{67E679E5-F67F-251E-7031-6F59B17FF33C}.Release|Any CPU.ActiveCfg = Release|Any CPU
		{67E679E5-F67F-251E-7031-6F59B17FF33C}.Release|Any CPU.Build.0 = Release|Any CPU
		{0627291A-3608-4A8B-8A5A-6E12F05A7306}.Debug|Any CPU.ActiveCfg = Debug|Any CPU
		{0627291A-3608-4A8B-8A5A-6E12F05A7306}.Debug|Any CPU.Build.0 = Debug|Any CPU
		{0627291A-3608-4A8B-8A5A-6E12F05A7306}.Release|Any CPU.ActiveCfg = Release|Any CPU
		{0627291A-3608-4A8B-8A5A-6E12F05A7306}.Release|Any CPU.Build.0 = Release|Any CPU
	EndGlobalSection
	GlobalSection(SolutionProperties) = preSolution
		HideSolutionNode = FALSE
	EndGlobalSection
	GlobalSection(ExtensibilityGlobals) = postSolution
		SolutionGuid = {D5730003-3D19-4513-9A1D-509E6C11745C}
	EndGlobalSection
EndGlobal
